# This lock file was generated by conda-lock (https://github.com/conda/conda-lock). DO NOT EDIT!
#
# A "lock file" contains a concrete list of package versions (with checksums) to be installed. Unlike
# e.g. `conda env create`, the resulting environment will not change as new package versions become
# available, unless you explicitly update the lock file.
#
# Install this environment as "YOURENV" with:
#     conda-lock install -n YOURENV conda-lock.yml
# To update a single package to the latest version compatible with the version constraints in the source:
#     conda-lock lock  --lockfile conda-lock.yml --update PACKAGE
# To re-solve the entire environment, e.g. after changing a version constraint in the source file:
#     conda-lock -f env.yaml -f environment.yaml --lockfile conda-lock.yml
version: 1
metadata:
  content_hash:
    osx-arm64: 333e4c857465a93671def88bb1716bf32594990456ebbf598e2ff45d5c771f95
    osx-64: 72457f5acc76e06b5cec3b294e81dad4557a4fcc2a9d05e3f2c087a82cc13e5f
    linux-64: e868cb6fc526c40c0e5c97d46087c44997fe2dfd31742b37e76793d1d7b5fa2a
    win-64: 24d418d946b90d4ecd30cd2ec02c8e1f754820636f92cec5c9c8886a14234db2
  channels:
  - url: conda-forge
    used_env_vars: []
  platforms:
  - linux-64
  - osx-64
  - osx-arm64
  - win-64
  sources:
  - env.yaml
  - environment.yaml
package:
- name: _libgcc_mutex
  version: '0.1'
  manager: conda
  platform: linux-64
  dependencies: {}
  url: https://conda.anaconda.org/conda-forge/linux-64/_libgcc_mutex-0.1-conda_forge.tar.bz2
  hash:
    md5: d7c89558ba9fa0495403155b64376d81
    sha256: fe51de6107f9edc7aa4f786a70f4a883943bc9d39b3bb7307c04c41410990726
  category: main
  optional: false
- name: _openmp_mutex
  version: '4.5'
  manager: conda
  platform: linux-64
  dependencies:
    _libgcc_mutex: '0.1'
    libgomp: '>=7.5.0'
  url: https://conda.anaconda.org/conda-forge/linux-64/_openmp_mutex-4.5-2_gnu.tar.bz2
  hash:
    md5: 73aaf86a425cc6e73fcf236a5a46396d
    sha256: fbe2c5e56a653bebb982eda4876a9178aedfc2b545f25d0ce9c4c0b508253d22
  category: main
  optional: false
- name: libgcc
  version: 15.1.0
  manager: conda
  platform: linux-64
  dependencies:
    __glibc: '>=2.17,<3.0.a0'
    _openmp_mutex: '>=4.5'
  url: https://conda.anaconda.org/conda-forge/linux-64/libgcc-15.1.0-h767d61c_2.conda
  hash:
    md5: ea8ac52380885ed41c1baa8f1d6d2b93
    sha256: 0024f9ab34c09629621aefd8603ef77bf9d708129b0dd79029e502c39ffc2195
  category: main
  optional: false
- name: libgomp
  version: 15.1.0
  manager: conda
  platform: linux-64
  dependencies:
    __glibc: '>=2.17,<3.0.a0'
  url: https://conda.anaconda.org/conda-forge/linux-64/libgomp-15.1.0-h767d61c_2.conda
  hash:
    md5: fbe7d535ff9d3a168c148e07358cd5b1
    sha256: 05fff3dc7e80579bc28de13b511baec281c4343d703c406aefd54389959154fb
  category: main
  optional: false
- name: libsqlite
  version: 3.50.0
  manager: conda
  platform: linux-64
  dependencies:
    __glibc: '>=2.17,<3.0.a0'
    libgcc: '>=13'
    # Manually modified the next and similar lines in this file from
    #libzlib: '>=1.3.1,<2.0a0'
    libzlib: '>=1.3.1,<2.0a1'
  url: https://conda.anaconda.org/conda-forge/linux-64/libsqlite-3.50.0-hee588c1_0.conda
  hash:
    md5: 71888e92098d0f8c41b09a671ad289bc
    sha256: b3dcd409c96121c011387bdf7f4b5758d876feeb9d8e3cfc32285b286931d0a7
  category: main
  optional: false
- name: libsqlite
  version: 3.50.0
  manager: conda
  platform: osx-64
  dependencies:
    __osx: '>=10.13'
    libzlib: '>=1.3.1,<2.0a1'
  url: https://conda.anaconda.org/conda-forge/osx-64/libsqlite-3.50.0-hdb6dae5_0.conda
  hash:
    md5: caf16742f7e16475603cd9981ef36195
    sha256: e88ea982455060b96fdab3d360b947389248bf2139e3b17576e4c72e139526fc
  category: main
  optional: false
- name: libsqlite
  version: 3.50.0
  manager: conda
  platform: osx-arm64
  dependencies:
    __osx: '>=11.0'
    libzlib: '>=1.3.1,<2.0a1'
  url: https://conda.anaconda.org/conda-forge/osx-arm64/libsqlite-3.50.0-h3f77e49_0.conda
  hash:
    md5: cda0ec640bc4698d0813a8fb459aee58
    sha256: 80bbe9c53d4bf2e842eccdd089653d0659972deba7057cda3ebaebaf43198f79
  category: main
  optional: false
- name: libsqlite
  version: 3.50.0
  manager: conda
  platform: win-64
  dependencies:
    ucrt: '>=10.0.20348.0'
    vc: '>=14.2,<15'
    vc14_runtime: '>=14.29.30139'
  url: https://conda.anaconda.org/conda-forge/win-64/libsqlite-3.50.0-h67fdade_0.conda
  hash:
    md5: 92b11b0b2120d563caa1629928122cee
    sha256: 92546e3ea213ee7b11385b22ea4e7c69bbde1c25586288765b37bc5e96b20dd9
  category: main
  optional: false
- name: libzlib
  version: 1.3.1
  manager: conda
  platform: linux-64
  dependencies:
    __glibc: '>=2.17,<3.0.a0'
    libgcc: '>=13'
  url: https://conda.anaconda.org/conda-forge/linux-64/libzlib-1.3.1-hb9d3cd8_2.conda
  hash:
    md5: edb0dca6bc32e4f4789199455a1dbeb8
    sha256: d4bfe88d7cb447768e31650f06257995601f89076080e76df55e3112d4e47dc4
  category: main
  optional: false
- name: libzlib
  version: 1.3.1
  manager: conda
  platform: osx-64
  dependencies:
    __osx: '>=10.13'
  url: https://conda.anaconda.org/conda-forge/osx-64/libzlib-1.3.1-hd23fc13_2.conda
  hash:
    md5: 003a54a4e32b02f7355b50a837e699da
    sha256: 8412f96504fc5993a63edf1e211d042a1fd5b1d51dedec755d2058948fcced09
  category: main
  optional: false
- name: libzlib
  version: 1.3.1
  manager: conda
  platform: osx-arm64
  dependencies:
    __osx: '>=11.0'
  url: https://conda.anaconda.org/conda-forge/osx-arm64/libzlib-1.3.1-h8359307_2.conda
  hash:
    md5: 369964e85dc26bfe78f41399b366c435
    sha256: ce34669eadaba351cd54910743e6a2261b67009624dbc7daeeafdef93616711b
  category: main
  optional: false
- name: ucrt
  version: 10.0.22621.0
  manager: conda
  platform: win-64
  dependencies: {}
  url: https://conda.anaconda.org/conda-forge/win-64/ucrt-10.0.22621.0-h57928b3_1.conda
  hash:
    md5: 6797b005cd0f439c4c5c9ac565783700
    sha256: db8dead3dd30fb1a032737554ce91e2819b43496a0db09927edf01c32b577450
  category: main
  optional: false
- name: vc
  version: '14.3'
  manager: conda
  platform: win-64
  dependencies:
    vc14_runtime: '>=14.42.34433'
  url: https://conda.anaconda.org/conda-forge/win-64/vc-14.3-h2b53caa_26.conda
  hash:
    md5: d3f0381e38093bde620a8d85f266ae55
    sha256: 7a685b5c37e9713fa314a0d26b8b1d7a2e6de5ab758698199b5d5b6dba2e3ce1
  category: main
  optional: false
- name: vc14_runtime
  version: 14.42.34438
  manager: conda
  platform: win-64
  dependencies:
    ucrt: '>=10.0.20348.0'
  url: https://conda.anaconda.org/conda-forge/win-64/vc14_runtime-14.42.34438-hfd919c2_26.conda
  hash:
    md5: 91651a36d31aa20c7ba36299fb7068f4
    sha256: 30dcb71bb166e351aadbdc18f1718757c32cdaa0e1e5d9368469ee44f6bf4709
  category: main
  optional: false
