version: 6
environments:
  default:
    channels:
    - url: file:///Users/kodegard/dev/plugins/conda-lockfiles/tests/data/channel/
    packages:
      noarch:
      - conda: /Users/kodegard/dev/plugins/conda-lockfiles/tests/data/channel/noarch/dependency-1.0-0.conda
      - conda: /Users/kodegard/dev/plugins/conda-lockfiles/tests/data/channel/noarch/dependent-1.0-0.conda
packages:
- conda: /Users/kodegard/dev/plugins/conda-lockfiles/tests/data/channel/noarch/dependency-1.0-0.conda
  subdir: noarch
  sha256: afc0b8eb310986a004dbcb729d82ba5591de474fa6616924b0e4b62702b88d58
  md5: b2fb2a72c20eef6f08526da54a702735
  channel: file:///Users/kodegard/dev/plugins/conda-lockfiles/tests/data/channel
  size: 3178
  timestamp: 1746735258166
- conda: /Users/kodegard/dev/plugins/conda-lockfiles/tests/data/channel/noarch/dependent-1.0-0.conda
  subdir: noarch
  sha256: 8f02ca64c9e1bd8bab0e13fefa72cb7f24f8bd50b046321e766cefe29a3ebdba
  md5: 82599ee1fa2edf57de9949e6cbc43244
  depends:
  - dependency >=1.0,<2.0a0
  channel: file:///Users/kodegard/dev/plugins/conda-lockfiles/tests/data/channel
  size: 3219
  timestamp: 1746735258398
